
Microsoft Visual Studio Solution File, Format Version 12.00
# Visual Studio Version 17
VisualStudioVersion = 17.1.32414.318
MinimumVisualStudioVersion = 10.0.40219.1
Project("{FAE04EC0-301F-11D3-BF4B-00C04F79EFBC}") = "FileIODemo", "FileIODemo\FileIODemo.csproj", "{BFD1C295-A3D6-407B-BA0E-4C99D13DE62C}"
EndProject
Project("{FAE04EC0-301F-11D3-BF4B-00C04F79EFBC}") = "SerializationDemo", "SerializationDemo\SerializationDemo.csproj", "{EE79160A-DEB5-4CEF-A229-F8E212077016}"
EndProject
Global
	GlobalSection(SolutionConfigurationPlatforms) = preSolution
		Debug|Any CPU = Debug|Any CPU
		Release|Any CPU = Release|Any CPU
	EndGlobalSection
	GlobalSection(ProjectConfigurationPlatforms) = postSolution
		{BFD1C295-A3D6-407B-BA0E-4C99D13DE62C}.Debug|Any CPU.ActiveCfg = Debug|Any CPU
		{BFD1C295-A3D6-407B-BA0E-4C99D13DE62C}.Debug|Any CPU.Build.0 = Debug|Any CPU
		{BFD1C295-A3D6-407B-BA0E-4C99D13DE62C}.Release|Any CPU.ActiveCfg = Release|Any CPU
		{BFD1C295-A3D6-407B-BA0E-4C99D13DE62C}.Release|Any CPU.Build.0 = Release|Any CPU
		{EE79160A-DEB5-4CEF-A229-F8E212077016}.Debug|Any CPU.ActiveCfg = Debug|Any CPU
		{EE79160A-DEB5-4CEF-A229-F8E212077016}.Debug|Any CPU.Build.0 = Debug|Any CPU
		{EE79160A-DEB5-4CEF-A229-F8E212077016}.Release|Any CPU.ActiveCfg = Release|Any CPU
		{EE79160A-DEB5-4CEF-A229-F8E212077016}.Release|Any CPU.Build.0 = Release|Any CPU
	EndGlobalSection
	GlobalSection(SolutionProperties) = preSolution
		HideSolutionNode = FALSE
	EndGlobalSection
	GlobalSection(ExtensibilityGlobals) = postSolution
		SolutionGuid = {BB7D61BE-1B81-433F-ABF1-BEF29907884A}
	EndGlobalSection
EndGlobal
